
Microsoft Visual Studio Solution File, Format Version 12.00
# Visual Studio Version 16
VisualStudioVersion = 16.0.31313.79
MinimumVisualStudioVersion = 10.0.40219.1
Project("{FAE04EC0-301F-11D3-BF4B-00C04F79EFBC}") = "pr5", "pr5\pr5.csproj", "{E9E52F4B-FEAC-4BE5-B167-9EB2BFE048A6}"
EndProject
Global
	GlobalSection(SolutionConfigurationPlatforms) = preSolution
		Debug|Any CPU = Debug|Any CPU
		Release|Any CPU = Release|Any CPU
	EndGlobalSection
	GlobalSection(ProjectConfigurationPlatforms) = postSolution
		{E9E52F4B-FEAC-4BE5-B167-9EB2BFE048A6}.Debug|Any CPU.ActiveCfg = Debug|Any CPU
		{E9E52F4B-FEAC-4BE5-B167-9EB2BFE048A6}.Debug|Any CPU.Build.0 = Debug|Any CPU
		{E9E52F4B-FEAC-4BE5-B167-9EB2BFE048A6}.Release|Any CPU.ActiveCfg = Release|Any CPU
		{E9E52F4B-FEAC-4BE5-B167-9EB2BFE048A6}.Release|Any CPU.Build.0 = Release|Any CPU
	EndGlobalSection
	GlobalSection(SolutionProperties) = preSolution
		HideSolutionNode = FALSE
	EndGlobalSection
	GlobalSection(ExtensibilityGlobals) = postSolution
		SolutionGuid = {082B7775-6DF3-44AD-BB05-D9944D7FD310}
	EndGlobalSection
EndGlobal
